// !$*UTF8*$!
{
	archiveVersion = 1;
	classes = {
	};
	objectVersion = 51;
	objects = {

/* Begin PBXBuildFile section */
		1C7A7DDA31F7E275D9D09D3F /* Pods_AR_Hoops.framework in Frameworks */ = {isa = PBXBuildFile; fileRef = 1F414F7EA4AB35E1CA45B969 /* Pods_AR_Hoops.framework */; };
		F550F24F2341393700CE4F0A /* AppDelegate.swift in Sources */ = {isa = PBXBuildFile; fileRef = F550F24E2341393700CE4F0A /* AppDelegate.swift */; };
		F550F2512341393700CE4F0A /* Basketball.scnassets in Resources */ = {isa = PBXBuildFile; fileRef = F550F2502341393700CE4F0A /* Basketball.scnassets */; };
		F550F2532341393700CE4F0A /* ViewController.swift in Sources */ = {isa = PBXBuildFile; fileRef = F550F2522341393700CE4F0A /* ViewController.swift */; };
		F550F2562341393700CE4F0A /* Main.storyboard in Resources */ = {isa = PBXBuildFile; fileRef = F550F2542341393700CE4F0A /* Main.storyboard */; };
		F550F2582341393900CE4F0A /* Assets.xcassets in Resources */ = {isa = PBXBuildFile; fileRef = F550F2572341393900CE4F0A /* Assets.xcassets */; };
		F550F25B2341393900CE4F0A /* LaunchScreen.storyboard in Resources */ = {isa = PBXBuildFile; fileRef = F550F2592341393900CE4F0A /* LaunchScreen.storyboard */; };
/* End PBXBuildFile section */

/* Begin PBXFileReference section */
		1CF5B8DA5ED77F958029FA8E /* Pods-AR-Hoops.debug.xcconfig */ = {isa = PBXFileReference; includeInIndex = 1; lastKnownFileType = text.xcconfig; name = "Pods-AR-Hoops.debug.xcconfig"; path = "Target Support Files/Pods-AR-Hoops/Pods-AR-Hoops.debug.xcconfig"; sourceTree = "<group>"; };
		1F414F7EA4AB35E1CA45B969 /* Pods_AR_Hoops.framework */ = {isa = PBXFileReference; explicitFileType = wrapper.framework; includeInIndex = 0; path = Pods_AR_Hoops.framework; sourceTree = BUILT_PRODUCTS_DIR; };
		687A521289C843B325EFC6E6 /* Pods-AR-Hoops.release.xcconfig */ = {isa = PBXFileReference; includeInIndex = 1; lastKnownFileType = text.xcconfig; name = "Pods-AR-Hoops.release.xcconfig"; path = "Target Support Files/Pods-AR-Hoops/Pods-AR-Hoops.release.xcconfig"; sourceTree = "<group>"; };
		F550F24B2341393700CE4F0A /* AR-Hoops.app */ = {isa = PBXFileReference; explicitFileType = wrapper.application; includeInIndex = 0; path = "AR-Hoops.app"; sourceTree = BUILT_PRODUCTS_DIR; };
		F550F24E2341393700CE4F0A /* AppDelegate.swift */ = {isa = PBXFileReference; lastKnownFileType = sourcecode.swift; path = AppDelegate.swift; sourceTree = "<group>"; };
		F550F2502341393700CE4F0A /* Basketball.scnassets */ = {isa = PBXFileReference; lastKnownFileType = wrapper.scnassets; path = Basketball.scnassets; sourceTree = "<group>"; };
		F550F2522341393700CE4F0A /* ViewController.swift */ = {isa = PBXFileReference; lastKnownFileType = sourcecode.swift; path = ViewController.swift; sourceTree = "<group>"; };
		F550F2552341393700CE4F0A /* Base */ = {isa = PBXFileReference; lastKnownFileType = file.storyboard; name = Base; path = Base.lproj/Main.storyboard; sourceTree = "<group>"; };
		F550F2572341393900CE4F0A /* Assets.xcassets */ = {isa = PBXFileReference; lastKnownFileType = folder.assetcatalog; path = Assets.xcassets; sourceTree = "<group>"; };
		F550F25A2341393900CE4F0A /* Base */ = {isa = PBXFileReference; lastKnownFileType = file.storyboard; name = Base; path = Base.lproj/LaunchScreen.storyboard; sourceTree = "<group>"; };
		F550F25C2341393900CE4F0A /* Info.plist */ = {isa = PBXFileReference; lastKnownFileType = text.plist.xml; path = Info.plist; sourceTree = "<group>"; };
/* End PBXFileReference section */

/* Begin PBXFrameworksBuildPhase section */
		F550F2482341393700CE4F0A /* Frameworks */ = {
			isa = PBXFrameworksBuildPhase;
			buildActionMask = 2147483647;
			files = (
				1C7A7DDA31F7E275D9D09D3F /* Pods_AR_Hoops.framework in Frameworks */,
			);
			runOnlyForDeploymentPostprocessing = 0;
		};
/* End PBXFrameworksBuildPhase section */

/* Begin PBXGroup section */
		068D860AF2A4201642233A8F /* Frameworks */ = {
			isa = PBXGroup;
			children = (
				1F414F7EA4AB35E1CA45B969 /* Pods_AR_Hoops.framework */,
			);
			name = Frameworks;
			sourceTree = "<group>";
		};
		7F36F022901FE6E427147924 /* Pods */ = {
			isa = PBXGroup;
			children = (
				1CF5B8DA5ED77F958029FA8E /* Pods-AR-Hoops.debug.xcconfig */,
				687A521289C843B325EFC6E6 /* Pods-AR-Hoops.release.xcconfig */,
			);
			path = Pods;
			sourceTree = "<group>";
		};
		F550F2422341393700CE4F0A = {
			isa = PBXGroup;
			children = (
				F550F24D2341393700CE4F0A /* AR-Hoops */,
				F550F24C2341393700CE4F0A /* Products */,
				7F36F022901FE6E427147924 /* Pods */,
				068D860AF2A4201642233A8F /* Frameworks */,
			);
			sourceTree = "<group>";
		};
		F550F24C2341393700CE4F0A /* Products */ = {
			isa = PBXGroup;
			children = (
				F550F24B2341393700CE4F0A /* AR-Hoops.app */,
			);
			name = Products;
			sourceTree = "<group>";
		};
		F550F24D2341393700CE4F0A /* AR-Hoops */ = {
			isa = PBXGroup;
			children = (
				F550F24E2341393700CE4F0A /* AppDelegate.swift */,
				F550F2502341393700CE4F0A /* Basketball.scnassets */,
				F550F2522341393700CE4F0A /* ViewController.swift */,
				F550F2542341393700CE4F0A /* Main.storyboard */,
				F550F2572341393900CE4F0A /* Assets.xcassets */,
				F550F2592341393900CE4F0A /* LaunchScreen.storyboard */,
				F550F25C2341393900CE4F0A /* Info.plist */,
			);
			path = "AR-Hoops";
			sourceTree = "<group>";
		};
/* End PBXGroup section */

/* Begin PBXNativeTarget section */
		F550F24A2341393700CE4F0A /* AR-Hoops */ = {
			isa = PBXNativeTarget;
			buildConfigurationList = F550F25F2341393900CE4F0A /* Build configuration list for PBXNativeTarget "AR-Hoops" */;
			buildPhases = (
				7DA398A169CAA28016434898 /* [CP] Check Pods Manifest.lock */,
				F550F2472341393700CE4F0A /* Sources */,
				F550F2482341393700CE4F0A /* Frameworks */,
				F550F2492341393700CE4F0A /* Resources */,
				59AC1ECCB4B24B58FA571AF8 /* [CP] Embed Pods Frameworks */,
			);
			buildRules = (
			);
			dependencies = (
			);
			name = "AR-Hoops";
			productName = "AR-Hoops";
			productReference = F550F24B2341393700CE4F0A /* AR-Hoops.app */;
			productType = "com.apple.product-type.application";
		};
/* End PBXNativeTarget section */

/* Begin PBXProject section */
		F550F2432341393700CE4F0A /* Project object */ = {
			isa = PBXProject;
			attributes = {
				LastSwiftUpdateCheck = 1100;
				LastUpgradeCheck = 1100;
				ORGANIZATIONNAME = "Mygen Contac";
				TargetAttributes = {
					F550F24A2341393700CE4F0A = {
						CreatedOnToolsVersion = 11.0;
					};
				};
			};
			buildConfigurationList = F550F2462341393700CE4F0A /* Build configuration list for PBXProject "AR-Hoops" */;
			compatibilityVersion = "Xcode 9.3";
			developmentRegion = en;
			hasScannedForEncodings = 0;
			knownRegions = (
				en,
				Base,
			);
			mainGroup = F550F2422341393700CE4F0A;
			productRefGroup = F550F24C2341393700CE4F0A /* Products */;
			projectDirPath = "";
			projectRoot = "";
			targets = (
				F550F24A2341393700CE4F0A /* AR-Hoops */,
			);
		};
/* End PBXProject section */

/* Begin PBXResourcesBuildPhase section */
		F550F2492341393700CE4F0A /* Resources */ = {
			isa = PBXResourcesBuildPhase;
			buildActionMask = 2147483647;
			files = (
				F550F2512341393700CE4F0A /* Basketball.scnassets in Resources */,
				F550F25B2341393900CE4F0A /* LaunchScreen.storyboard in Resources */,
				F550F2582341393900CE4F0A /* Assets.xcassets in Resources */,
				F550F2562341393700CE4F0A /* Main.storyboard in Resources */,
			);
			runOnlyForDeploymentPostprocessing = 0;
		};
/* End PBXResourcesBuildPhase section */

/* Begin PBXShellScriptBuildPhase section */
		59AC1ECCB4B24B58FA571AF8 /* [CP] Embed Pods Frameworks */ = {
			isa = PBXShellScriptBuildPhase;
			buildActionMask = 2147483647;
			files = (
			);
			inputFileListPaths = (
				"${PODS_ROOT}/Target Support Files/Pods-AR-Hoops/Pods-AR-Hoops-frameworks-${CONFIGURATION}-input-files.xcfilelist",
			);
			name = "[CP] Embed Pods Frameworks";
			outputFileListPaths = (
				"${PODS_ROOT}/Target Support Files/Pods-AR-Hoops/Pods-AR-Hoops-frameworks-${CONFIGURATION}-output-files.xcfilelist",
			);
			runOnlyForDeploymentPostprocessing = 0;
			shellPath = /bin/sh;
			shellScript = "\"${PODS_ROOT}/Target Support Files/Pods-AR-Hoops/Pods-AR-Hoops-frameworks.sh\"\n";
			showEnvVarsInLog = 0;
		};
		7DA398A169CAA28016434898 /* [CP] Check Pods Manifest.lock */ = {
			isa = PBXShellScriptBuildPhase;
			buildActionMask = 2147483647;
			files = (
			);
			inputFileListPaths = (
			);
			inputPaths = (
				"${PODS_PODFILE_DIR_PATH}/Podfile.lock",
				"${PODS_ROOT}/Manifest.lock",
			);
			name = "[CP] Check Pods Manifest.lock";
			outputFileListPaths = (
			);
			outputPaths = (
				"$(DERIVED_FILE_DIR)/Pods-AR-Hoops-checkManifestLockResult.txt",
			);
			runOnlyForDeploymentPostprocessing = 0;
			shellPath = /bin/sh;
			shellScript = "diff \"${PODS_PODFILE_DIR_PATH}/Podfile.lock\" \"${PODS_ROOT}/Manifest.lock\" > /dev/null\nif [ $? != 0 ] ; then\n    # print error to STDERR\n    echo \"error: The sandbox is not in sync with the Podfile.lock. Run 'pod install' or update your CocoaPods installation.\" >&2\n    exit 1\nfi\n# This output is used by Xcode 'outputs' to avoid re-running this script phase.\necho \"SUCCESS\" > \"${SCRIPT_OUTPUT_FILE_0}\"\n";
			showEnvVarsInLog = 0;
		};
/* End PBXShellScriptBuildPhase section */

/* Begin PBXSourcesBuildPhase section */
		F550F2472341393700CE4F0A /* Sources */ = {
			isa = PBXSourcesBuildPhase;
			buildActionMask = 2147483647;
			files = (
				F550F2532341393700CE4F0A /* ViewController.swift in Sources */,
				F550F24F2341393700CE4F0A /* AppDelegate.swift in Sources */,
			);
			runOnlyForDeploymentPostprocessing = 0;
		};
/* End PBXSourcesBuildPhase section */

/* Begin PBXVariantGroup section */
		F550F2542341393700CE4F0A /* Main.storyboard */ = {
			isa = PBXVariantGroup;
			children = (
				F550F2552341393700CE4F0A /* Base */,
			);
			name = Main.storyboard;
			sourceTree = "<group>";
		};
		F550F2592341393900CE4F0A /* LaunchScreen.storyboard */ = {
			isa = PBXVariantGroup;
			children = (
				F550F25A2341393900CE4F0A /* Base */,
			);
			name = LaunchScreen.storyboard;
			sourceTree = "<group>";
		};
/* End PBXVariantGroup section */

/* Begin XCBuildConfiguration section */
		F550F25D2341393900CE4F0A /* Debug */ = {
			isa = XCBuildConfiguration;
			buildSettings = {
				ALWAYS_SEARCH_USER_PATHS = NO;
				CLANG_ANALYZER_NONNULL = YES;
				CLANG_ANALYZER_NUMBER_OBJECT_CONVERSION = YES_AGGRESSIVE;
				CLANG_CXX_LANGUAGE_STANDARD = "gnu++14";
				CLANG_CXX_LIBRARY = "libc++";
				CLANG_ENABLE_MODULES = YES;
				CLANG_ENABLE_OBJC_ARC = YES;
				CLANG_ENABLE_OBJC_WEAK = YES;
				CLANG_WARN_BLOCK_CAPTURE_AUTORELEASING = YES;
				CLANG_WARN_BOOL_CONVERSION = YES;
				CLANG_WARN_COMMA = YES;
				CLANG_WARN_CONSTANT_CONVERSION = YES;
				CLANG_WARN_DEPRECATED_OBJC_IMPLEMENTATIONS = YES;
				CLANG_WARN_DIRECT_OBJC_ISA_USAGE = YES_ERROR;
				CLANG_WARN_DOCUMENTATION_COMMENTS = YES;
				CLANG_WARN_EMPTY_BODY = YES;
				CLANG_WARN_ENUM_CONVERSION = YES;
				CLANG_WARN_INFINITE_RECURSION = YES;
				CLANG_WARN_INT_CONVERSION = YES;
				CLANG_WARN_NON_LITERAL_NULL_CONVERSION = YES;
				CLANG_WARN_OBJC_IMPLICIT_RETAIN_SELF = YES;
				CLANG_WARN_OBJC_LITERAL_CONVERSION = YES;
				CLANG_WARN_OBJC_ROOT_CLASS = YES_ERROR;
				CLANG_WARN_RANGE_LOOP_ANALYSIS = YES;
				CLANG_WARN_STRICT_PROTOTYPES = YES;
				CLANG_WARN_SUSPICIOUS_MOVE = YES;
				CLANG_WARN_UNGUARDED_AVAILABILITY = YES_AGGRESSIVE;
				CLANG_WARN_UNREACHABLE_CODE = YES;
				CLANG_WARN__DUPLICATE_METHOD_MATCH = YES;
				COPY_PHASE_STRIP = NO;
				DEBUG_INFORMATION_FORMAT = dwarf;
				ENABLE_STRICT_OBJC_MSGSEND = YES;
				ENABLE_TESTABILITY = YES;
				GCC_C_LANGUAGE_STANDARD = gnu11;
				GCC_DYNAMIC_NO_PIC = NO;
				GCC_NO_COMMON_BLOCKS = YES;
				GCC_OPTIMIZATION_LEVEL = 0;
				GCC_PREPROCESSOR_DEFINITIONS = (
					"DEBUG=1",
					"$(inherited)",
				);
				GCC_WARN_64_TO_32_BIT_CONVERSION = YES;
				GCC_WARN_ABOUT_RETURN_TYPE = YES_ERROR;
				GCC_WARN_UNDECLARED_SELECTOR = YES;
				GCC_WARN_UNINITIALIZED_AUTOS = YES_AGGRESSIVE;
				GCC_WARN_UNUSED_FUNCTION = YES;
				GCC_WARN_UNUSED_VARIABLE = YES;
				IPHONEOS_DEPLOYMENT_TARGET = 13.0;
				MTL_ENABLE_DEBUG_INFO = INCLUDE_SOURCE;
				MTL_FAST_MATH = YES;
				ONLY_ACTIVE_ARCH = YES;
				SDKROOT = iphoneos;
				SWIFT_ACTIVE_COMPILATION_CONDITIONS = DEBUG;
				SWIFT_OPTIMIZATION_LEVEL = "-Onone";
			};
			name = Debug;
		};
		F550F25E2341393900CE4F0A /* Release */ = {
			isa = XCBuildConfiguration;
			buildSettings = {
				ALWAYS_SEARCH_USER_PATHS = NO;
				CLANG_ANALYZER_NONNULL = YES;
				CLANG_ANALYZER_NUMBER_OBJECT_CONVERSION = YES_AGGRESSIVE;
				CLANG_CXX_LANGUAGE_STANDARD = "gnu++14";
				CLANG_CXX_LIBRARY = "libc++";
				CLANG_ENABLE_MODULES = YES;
				CLANG_ENABLE_OBJC_ARC = YES;
				CLANG_ENABLE_OBJC_WEAK = YES;
				CLANG_WARN_BLOCK_CAPTURE_AUTORELEASING = YES;
				CLANG_WARN_BOOL_CONVERSION = YES;
				CLANG_WARN_COMMA = YES;
				CLANG_WARN_CONSTANT_CONVERSION = YES;
				CLANG_WARN_DEPRECATED_OBJC_IMPLEMENTATIONS = YES;
				CLANG_WARN_DIRECT_OBJC_ISA_USAGE = YES_ERROR;
				CLANG_WARN_DOCUMENTATION_COMMENTS = YES;
				CLANG_WARN_EMPTY_BODY = YES;
				CLANG_WARN_ENUM_CONVERSION = YES;
				CLANG_WARN_INFINITE_RECURSION = YES;
				CLANG_WARN_INT_CONVERSION = YES;
				CLANG_WARN_NON_LITERAL_NULL_CONVERSION = YES;
				CLANG_WARN_OBJC_IMPLICIT_RETAIN_SELF = YES;
				CLANG_WARN_OBJC_LITERAL_CONVERSION = YES;
				CLANG_WARN_OBJC_ROOT_CLASS = YES_ERROR;
				CLANG_WARN_RANGE_LOOP_ANALYSIS = YES;
				CLANG_WARN_STRICT_PROTOTYPES = YES;
				CLANG_WARN_SUSPICIOUS_MOVE = YES;
				CLANG_WARN_UNGUARDED_AVAILABILITY = YES_AGGRESSIVE;
				CLANG_WARN_UNREACHABLE_CODE = YES;
				CLANG_WARN__DUPLICATE_METHOD_MATCH = YES;
				COPY_PHASE_STRIP = NO;
				DEBUG_INFORMATION_FORMAT = "dwarf-with-dsym";
				ENABLE_NS_ASSERTIONS = NO;
				ENABLE_STRICT_OBJC_MSGSEND = YES;
				GCC_C_LANGUAGE_STANDARD = gnu11;
				GCC_NO_COMMON_BLOCKS = YES;
				GCC_WARN_64_TO_32_BIT_CONVERSION = YES;
				GCC_WARN_ABOUT_RETURN_TYPE = YES_ERROR;
				GCC_WARN_UNDECLARED_SELECTOR = YES;
				GCC_WARN_UNINITIALIZED_AUTOS = YES_AGGRESSIVE;
				GCC_WARN_UNUSED_FUNCTION = YES;
				GCC_WARN_UNUSED_VARIABLE = YES;
				IPHONEOS_DEPLOYMENT_TARGET = 13.0;
				MTL_ENABLE_DEBUG_INFO = NO;
				MTL_FAST_MATH = YES;
				SDKROOT = iphoneos;
				SWIFT_COMPILATION_MODE = wholemodule;
				SWIFT_OPTIMIZATION_LEVEL = "-O";
				VALIDATE_PRODUCT = YES;
			};
			name = Release;
		};
		F550F2602341393900CE4F0A /* Debug */ = {
			isa = XCBuildConfiguration;
			baseConfigurationReference = 1CF5B8DA5ED77F958029FA8E /* Pods-AR-Hoops.debug.xcconfig */;
			buildSettings = {
				ASSETCATALOG_COMPILER_APPICON_NAME = AppIcon;
				CODE_SIGN_STYLE = Automatic;
				DEVELOPMENT_TEAM = F22LG49UNN;
				INFOPLIST_FILE = "AR-Hoops/Info.plist";
				LD_RUNPATH_SEARCH_PATHS = (
					"$(inherited)",
					"@executable_path/Frameworks",
				);
				PRODUCT_BUNDLE_IDENTIFIER = "com.MygenContac.AR-Hoops";
				PRODUCT_NAME = "$(TARGET_NAME)";
				SWIFT_VERSION = 5.0;
				TARGETED_DEVICE_FAMILY = "1,2";
			};
			name = Debug;
		};
		F550F2612341393900CE4F0A /* Release */ = {
			isa = XCBuildConfiguration;
			baseConfigurationReference = 687A521289C843B325EFC6E6 /* Pods-AR-Hoops.release.xcconfig */;
			buildSettings = {
				ASSETCATALOG_COMPILER_APPICON_NAME = AppIcon;
				CODE_SIGN_STYLE = Automatic;
				DEVELOPMENT_TEAM = F22LG49UNN;
				INFOPLIST_FILE = "AR-Hoops/Info.plist";
				LD_RUNPATH_SEARCH_PATHS = (
					"$(inherited)",
					"@executable_path/Frameworks",
				);
				PRODUCT_BUNDLE_IDENTIFIER = "com.MygenContac.AR-Hoops";
				PRODUCT_NAME = "$(TARGET_NAME)";
				SWIFT_VERSION = 5.0;
				TARGETED_DEVICE_FAMILY = "1,2";
			};
			name = Release;
		};
/* End XCBuildConfiguration section */

/* Begin XCConfigurationList section */
		F550F2462341393700CE4F0A /* Build configuration list for PBXProject "AR-Hoops" */ = {
			isa = XCConfigurationList;
			buildConfigurations = (
				F550F25D2341393900CE4F0A /* Debug */,
				F550F25E2341393900CE4F0A /* Release */,
			);
			defaultConfigurationIsVisible = 0;
			defaultConfigurationName = Release;
		};
		F550F25F2341393900CE4F0A /* Build configuration list for PBXNativeTarget "AR-Hoops" */ = {
			isa = XCConfigurationList;
			buildConfigurations = (
				F550F2602341393900CE4F0A /* Debug */,
				F550F2612341393900CE4F0A /* Release */,
			);
			defaultConfigurationIsVisible = 0;
			defaultConfigurationName = Release;
		};
/* End XCConfigurationList section */
	};
	rootObject = F550F2432341393700CE4F0A /* Project object */;
}
